dario.cat/mergo v1.0.0 h1:AGCNq9Evsj31mOgNPcLyXc+4PNABt905YmuqPYYpBWk=
dario.cat/mergo v1.0.0/go.mod h1:uNxQE+84aUszobStD9th8a29P2fMDhsBdgRYvZOxGmk=
github.com/Microsoft/go-winio v0.6.1 h1:9/kr64B9VUZrLm5YYwbGtUJnMgqWVOdUAXu6Migciow=
github.com/Microsoft/go-winio v0.6.1/go.mod h1:LRdKpFKfdobln8UmuiYcKPot9D2v6svN5+sAH+4kjUM=
github.com/ProtonMail/go-crypto v1.1.0-alpha.2 h1:bkyFVUP+ROOARdgCiJzNQo2V2kiB97LyUpzH9P6Hrlg=
github.com/ProtonMail/go-crypto v1.1.0-alpha.2/go.mod h1:rA3QumHc/FZ8pAHreoekgiAbzpNsfQAosU5td4SnOrE=
github.com/apparentlymart/go-textseg/v15 v15.0.0 h1:uYvfpb3DyLSCGWnctWKGj857c6ew1u1fNQOlOtuGxQY=
github.com/apparentlymart/go-textseg/v15 v15.0.0/go.mod h1:K8XmNZdhEBkdlyDdvbmmsvpAG721bKi0joRfFdHIWJ4=
github.com/benbjohnson/clock v1.3.0 h1:ip6w0uFQkncKQ979AypyG0ER7mqUSBdKLOgAle/AT8A=
github.com/benbjohnson/clock v1.3.0/go.mod h1:J11/hYXuz8f4ySSvYwY0FKfm+ezbsZBKZxNJlLklBHA=
github.com/blang/semver v3.5.1+incompatible h1:cQNTCjp13qL8KC3Nbxr/y2Bqb63oX6wdnnjpJbkM4JQ=
github.com/blang/semver v3.5.1+incompatible/go.mod h1:kRBLl5iJ+tD4TcOOxsy/0fnwebNt5EWlYSAyrTnjyyk=
github.com/cloudflare/circl v1.6.1 h1:zqIqSPIndyBh1bjLVVDHMPpVKqp8Su/V+6MeDzzQBQ0=
github.com/cloudflare/circl v1.6.1/go.mod h1:uddAzsPgqdMAYatqJ0lsjX1oECcQLIlRpzZh3pJrofs=
github.com/cpuguy83/go-md2man/v2 v2.0.6/go.mod h1:oOW0eioCTA6cOiMLiUPZOpcVxMig6NIQQ7OS05n1F4g=
github.com/cyphar/filepath-securejoin v0.2.4 h1:Ugdm7cg7i6ZK6x3xDF1oEu1nfkyfH53EtKeQYTC3kyg=
github.com/cyphar/filepath-securejoin v0.2.4/go.mod h1:aPGpWjXOXUn2NCNjFvBE6aRxGGx79pTxQpKOJNYHHl4=
github.com/davecgh/go-spew v1.1.0/go.mod h1:J7Y8YcW2NihsgmVo/mv3lAwl/skON4iLHjSsI+c5H38=
github.com/davecgh/go-spew v1.1.1 h1:vj9j/u1bqnvCEfJOwUhtlOARqs3+rkHYY13jYWTU97c=
github.com/davecgh/go-spew v1.1.1/go.mod h1:J7Y8YcW2NihsgmVo/mv3lAwl/skON4iLHjSsI+c5H38=
github.com/emirpasic/gods v1.18.1 h1:FXtiHYKDGKCW2KzwZKx0iC0PQmdlorYgdFG9jPXJ1Bc=
github.com/emirpasic/gods v1.18.1/go.mod h1:8tpGGwCnJ5H4r6BWwaV6OrWmMoPhUl5jm/FMNAnJvWQ=
github.com/fatih/color v1.18.0 h1:S8gINlzdQ840/4pfAwic/ZE0djQEH3wM94VfqLTZcOM=
github.com/fatih/color v1.18.0/go.mod h1:4FelSpRwEGDpQ12mAdzqdOukCy4u8WUtOY6lkT/6HfU=
github.com/fatih/structs v1.1.0 h1:Q7juDM0QtcnhCpeyLGQKyg4TOIghuNXrkL32pHAUMxo=
github.com/fatih/structs v1.1.0/go.mod h1:9NiDSp5zOcgEDl+j00MP/WkGVPOlPRLejGD8Ga6PJ7M=
github.com/fsnotify/fsnotify v1.4.7/go.mod h1:jwhsz4b93w/PPRr/qN1Yymfu8t87LnFCMoQvtojpjFo=
github.com/fsnotify/fsnotify v1.9.0 h1:2Ml+OJNzbYCTzsxtv8vKSFD9PbJjmhYF14k/jKC7S9k=
github.com/fsnotify/fsnotify v1.9.0/go.mod h1:8jBTzvmWwFyi3Pb8djgCCO5IBqzKJ/Jwo8TRcHyHii0=
github.com/gabriel-vasile/mimetype v1.4.10 h1:zyueNbySn/z8mJZHLt6IPw0KoZsiQNszIpU+bX4+ZK0=
github.com/gabriel-vasile/mimetype v1.4.10/go.mod h1:d+9Oxyo1wTzWdyVUPMmXFvp4F9tea18J8ufA774AB3s=
github.com/ghodss/yaml v1.0.1-0.20190212211648-25d852aebe32 h1:Mn26/9ZMNWSw9C9ERFA1PUxfmGpolnw2v0bKOREu5ew=
github.com/ghodss/yaml v1.0.1-0.20190212211648-25d852aebe32/go.mod h1:GIjDIg/heH5DOkXY3YJ/wNhfHsQHoXGjl8G8amsYQ1I=
github.com/go-git/gcfg v1.5.1-0.20230307220236-3a3c6141e376 h1:+zs/tPmkDkHx3U66DAb0lQFJrpS6731Oaa12ikc+DiI=
github.com/go-git/gcfg v1.5.1-0.20230307220236-3a3c6141e376/go.mod h1:an3vInlBmSxCcxctByoQdvwPiA7DTK7jaaFDBTtu0ic=
github.com/go-git/go-billy/v5 v5.5.0 h1:yEY4yhzCDuMGSv83oGxiBotRzhwhNr8VZyphhiu+mTU=
github.com/go-git/go-billy/v5 v5.5.0/go.mod h1:hmexnoNsr2SJU1Ju67OaNz5ASJY3+sHgFRpCtpDCKow=
github.com/go-git/go-git/v5 v5.12.0 h1:7Md+ndsjrzZxbddRDZjF14qK+NN56sy6wkqaVrjZtys=
github.com/go-git/go-git/v5 v5.12.0/go.mod h1:FTM9VKtnI2m65hNI/TenDDDnUf2Q9FHnXYjuz9i5OEY=
github.com/go-playground/assert/v2 v2.2.0 h1:JvknZsQTYeFEAhQwI4qEt9cyV5ONwRHC+lYKSsYSR8s=
github.com/go-playground/assert/v2 v2.2.0/go.mod h1:VDjEfimB/XKnb+ZQfWdccd7VUvScMdVu0Titje2rxJ4=
github.com/go-playground/locales v0.14.1 h1:EWaQ/wswjilfKLTECiXz7Rh+3BjFhfDFKv/oXslEjJA=
github.com/go-playground/locales v0.14.1/go.mod h1:hxrqLVvrK65+Rwrd5Fc6F2O76J/NuW9t0sjnWqG1slY=
github.com/go-playground/universal-translator v0.18.1 h1:Bcnm0ZwsGyWbCzImXv+pAJnYK9S473LQFuzCbDbfSFY=
github.com/go-playground/universal-translator v0.18.1/go.mod h1:xekY+UJKNuX9WP91TpwSH2VMlDf28Uj24BCp08ZFTUY=
github.com/go-playground/validator/v10 v10.28.0 h1:Q7ibns33JjyW48gHkuFT91qX48KG0ktULL6FgHdG688=
github.com/go-playground/validator/v10 v10.28.0/go.mod h1:GoI6I1SjPBh9p7ykNE/yj3fFYbyDOpwMn5KXd+m2hUU=
github.com/golang/groupcache v0.0.0-20210331224755-41bb18bfe9da h1:oI5xCqsCo564l8iNU+DwB5epxmsaqB+rhGL0m5jtYqE=
github.com/golang/groupcache v0.0.0-20210331224755-41bb18bfe9da/go.mod h1:cIg4eruTrX1D+g88fzRXU5OdNfaM+9IcxsU14FzY7Hc=
github.com/golang/protobuf v1.2.0/go.mod h1:6lQm79b+lXiMfvg/cZm0SGofjICqVBUtrP5yJMmIC1U=
github.com/golang/protobuf v1.3.2/go.mod h1:6lQm79b+lXiMfvg/cZm0SGofjICqVBUtrP5yJMmIC1U=
github.com/google/go-cmp v0.6.0 h1:ofyhxvXcZhMsU5ulbFiLKl/XBFqE1GSq7atu8tAmTRI=
github.com/google/go-cmp v0.6.0/go.mod h1:17dUlkBOakJ0+DkrSSNjCkIjxS6bF9zb3elmeNGIjoY=
github.com/google/go-github/v30 v30.1.0 h1:VLDx+UolQICEOKu2m4uAoMti1SxuEBAl7RSEG16L+Oo=
github.com/google/go-github/v30 v30.1.0/go.mod h1:n8jBpHl45a/rlBUtRJMOG4GhNADUQFEufcolZ95JfU8=
github.com/google/go-querystring v1.0.0 h1:Xkwi/a1rcvNg1PPYe5vI8GbeBY/jrVuDX5ASuANWTrk=
github.com/google/go-querystring v1.0.0/go.mod h1:odCYkC5MyYFN7vkCjXpyrEuKhc/BUO6wN/zVPAxq5ck=
github.com/hashicorp/errwrap v1.0.0 h1:hLrqtEDnRye3+sgx6z4qVLNuviH3MR5aQ0ykNJa/UYA=
github.com/hashicorp/errwrap v1.0.0/go.mod h1:YH+1FKiLXxHSkmPseP+kNlulaMuP3n2brvKWEqk/Jc4=
github.com/hashicorp/go-cleanhttp v0.5.2 h1:035FKYIWjmULyFRBKPs8TBQoi0x6d9G4xc9neXJWAZQ=
github.com/hashicorp/go-cleanhttp v0.5.2/go.mod h1:kO/YDlP8L1346E6Sodw+PrpBSV4/SoxCXGY6BqNFT48=
github.com/hashicorp/go-hclog v1.6.3 h1:Qr2kF+eVWjTiYmU7Y31tYlP1h0q/X3Nl3tPGdaB11/k=
github.com/hashicorp/go-hclog v1.6.3/go.mod h1:W4Qnvbt70Wk/zYJryRzDRU/4r0kIg0PVHBcfoyhpF5M=
github.com/hashicorp/go-multierror v1.1.1 h1:H5DkEtf6CXdFp0N0Em5UCwQpXMWke8IA0+lD48awMYo=
github.com/hashicorp/go-multierror v1.1.1/go.mod h1:iw975J/qwKPdAO1clOe2L8331t/9/fmwbPZ6JB6eMoM=
github.com/hashicorp/go-retryablehttp v0.7.8 h1:ylXZWnqa7Lhqpk0L1P1LzDtGcCR0rPVUrx/c8Unxc48=
github.com/hashicorp/go-retryablehttp v0.7.8/go.mod h1:rjiScheydd+CxvumBsIrFKlx3iS0jrZ7LvzFGFmuKbw=
github.com/hashicorp/go-version v1.7.0 h1:5tqGy27NaOTB8yJKUZELlFAS/LTKJkrmONwQKeRZfjY=
github.com/hashicorp/go-version v1.7.0/go.mod h1:fltr4n8CU8Ke44wwGCBoEymUuxUHl09ZGVZPK5anwXA=
github.com/hashicorp/hc-install v0.6.4 h1:QLqlM56/+SIIGvGcfFiwMY3z5WGXT066suo/v9Km8e0=
github.com/hashicorp/hc-install v0.6.4/go.mod h1:05LWLy8TD842OtgcfBbOT0WMoInBMUSHjmDx10zuBIA=
github.com/hashicorp/terraform-exec v0.21.0 h1:uNkLAe95ey5Uux6KJdua6+cv8asgILFVWkd/RG0D2XQ=
github.com/hashicorp/terraform-exec v0.21.0/go.mod h1:1PPeMYou+KDUSSeRE9szMZ/oHf4fYUmB923Wzbq1ICg=
github.com/hashicorp/terraform-json v0.22.1 h1:xft84GZR0QzjPVWs4lRUwvTcPnegqlyS7orfb5Ltvec=
github.com/hashicorp/terraform-json v0.22.1/go.mod h1:JbWSQCLFSXFFhg42T7l9iJwdGXBYV8fmmD6o/ML4p3A=
github.com/hokaccha/go-prettyjson v0.0.0-20210113012101-fb4e108d2519 h1:nqAlWFEdqI0ClbTDrhDvE/8LeQ4pftrqKUX9w5k0j3s=
github.com/hokaccha/go-prettyjson v0.0.0-20210113012101-fb4e108d2519/go.mod h1:pFlLw2CfqZiIBOx6BuCeRLCrfxBJipTY0nIOF/VbGcI=
github.com/hpcloud/tail v1.0.0/go.mod h1:ab1qPbhIpdTxEkNHXyeSf5vhxWSCs/tWer42PpOxQnU=
github.com/huandu/xstrings v1.5.0 h1:2ag3IFq9ZDANvthTwTiqSSZLjDc+BedvHPAp5tJy2TI=
github.com/huandu/xstrings v1.5.0/go.mod h1:y5/lhBue+AyNmUVz9RLU9xbLR0o4KIIExikq4ovT0aE=
github.com/inconshreveable/go-update v0.0.0-20160112193335-8152e7eb6ccf h1:WfD7VjIE6z8dIvMsI4/s+1qr5EL+zoIGev1BQj1eoJ8=
github.com/inconshreveable/go-update v0.0.0-20160112193335-8152e7eb6ccf/go.mod h1:hyb9oH7vZsitZCiBt0ZvifOrB+qc8PS5IiilCIb87rg=
github.com/inconshreveable/mousetrap v1.1.0 h1:wN+x4NVGpMsO7ErUn/mUI3vEoE6Jt13X2s0bqwp9tc8=
github.com/inconshreveable/mousetrap v1.1.0/go.mod h1:vpF70FUmC8bwa3OWnCshd2FqLfsEA9PFc4w1p2J65bw=
github.com/itchyny/gojq v0.12.17 h1:8av8eGduDb5+rvEdaOO+zQUjA04MS0m3Ps8HiD+fceg=
github.com/itchyny/gojq v0.12.17/go.mod h1:WBrEMkgAfAGO1LUcGOckBl5O726KPp+OlkKug0I/FEY=
github.com/itchyny/timefmt-go v0.1.6 h1:ia3s54iciXDdzWzwaVKXZPbiXzxxnv1SPGFfM/myJ5Q=
github.com/itchyny/timefmt-go v0.1.6/go.mod h1:RRDZYC5s9ErkjQvTvvU7keJjxUYzIISJGxm9/mAERQg=
github.com/jbenet/go-context v0.0.0-20150711004518-d14ea06fba99 h1:BQSFePA1RWJOlocH6Fxy8MmwDt+yVQYULKfN0RoTN8A=
github.com/jbenet/go-context v0.0.0-20150711004518-d14ea06fba99/go.mod h1:1lJo3i6rXxKeerYnT8Nvf0QmHCRC1n8sfWVwXF2Frvo=
github.com/jmespath/go-jmespath v0.4.0 h1:BEgLn5cpjn8UN1mAw4NjwDrS35OdebyEtFe+9YPoQUg=
github.com/jmespath/go-jmespath v0.4.0/go.mod h1:T8mJZnbsbmF+m6zOOFylbeCJqk5+pHWvzYPziyZiYoo=
github.com/jmespath/go-jmespath/internal/testify v1.5.1 h1:shLQSRRSCCPj3f2gpwzGwWFoC7ycTf1rcQZHOlsJ6N8=
github.com/jmespath/go-jmespath/internal/testify v1.5.1/go.mod h1:L3OGu8Wl2/fWfCI6z80xFu9LTZmf1ZRjMHUOPmWr69U=
github.com/kevinburke/ssh_config v1.2.0 h1:x584FjTGwHzMwvHx18PXxbBVzfnxogHaAReU4gf13a4=
github.com/kevinburke/ssh_config v1.2.0/go.mod h1:CT57kijsi8u/K/BOFA39wgDQJ9CxiF4nAY/ojJ6r6mM=
github.com/kr/pretty v0.1.0/go.mod h1:dAy3ld7l9f0ibDNOQOHHMYYIIbhfbHSm3C4ZsoJORNo=
github.com/kr/pretty v0.3.0 h1:WgNl7dwNpEZ6jJ9k1snq4pZsg7DOEN8hP9Xw0Tsjwk0=
github.com/kr/pretty v0.3.0/go.mod h1:640gp4NfQd8pI5XOwp5fnNeVWj67G7CFk/SaSQn7NBk=
github.com/kr/pty v1.1.1/go.mod h1:pFQYn66WHrOpPYNljwOMqo10TkYh1fy3cYio2l3bCsQ=
github.com/kr/text v0.1.0/go.mod h1:4Jbv+DJW3UT/LiOwJeYQe1efqtUx/iVham/4vfdArNI=
github.com/kr/text v0.2.0 h1:5Nx0Ya0ZqY2ygV366QzturHI13Jq95ApcVaJBhpS+AY=
github.com/kr/text v0.2.0/go.mod h1:eLer722TekiGuMkidMxC/pM04lWEeraHUUmBw8l2grE=
github.com/leodido/go-urn v1.4.0 h1:WT9HwE9SGECu3lg4d/dIA+jxlljEa1/ffXKmRjqdmIQ=
github.com/leodido/go-urn v1.4.0/go.mod h1:bvxc+MVxLKB4z00jd1z+Dvzr47oO32F/QSNjSBOlFxI=
github.com/mattn/go-colorable v0.1.14 h1:9A9LHSqF/7dyVVX6g0U9cwm9pG3kP9gSzcuIPHPsaIE=
github.com/mattn/go-colorable v0.1.14/go.mod h1:6LmQG8QLFO4G5z1gPvYEzlUgJ2wF+stgPZH1UqBm1s8=
github.com/mattn/go-isatty v0.0.20 h1:xfD0iDuEKnDkl03q4limB+vH+GxLEtL/jb4xVJSWWEY=
github.com/mattn/go-isatty v0.0.20/go.mod h1:W+V8PltTTMOvKvAeJH7IuucS94S2C6jfK/D7dTCTo3Y=
github.com/mattn/go-runewidth v0.0.9/go.mod h1:H031xJmbD/WCDINGzjvQ9THkh0rPKHF+m2gUSrubnMI=
github.com/mattn/go-runewidth v0.0.15 h1:UNAjwbU9l54TA3KzvqLGxwWjHmMgBUVhBiTjelZgg3U=
github.com/mattn/go-runewidth v0.0.15/go.mod h1:Jdepj2loyihRzMpdS35Xk/zdY8IAYHsh153qUoGf23w=
github.com/mitchellh/go-homedir v1.1.0 h1:lukF9ziXFxDFPkA1vsr5zpc1XuPDn/wFntq5mG+4E0Y=
github.com/mitchellh/go-homedir v1.1.0/go.mod h1:SfyaCUpYCn1Vlf4IUYiD9fPX4A5wJrkLzIz1N1q0pr0=
github.com/mitchellh/mapstructure v1.5.0 h1:jeMsZIYE/09sWLaz43PL7Gy6RuMjD2eJVyuac5Z2hdY=
github.com/mitchellh/mapstructure v1.5.0/go.mod h1:bFUtVrKA4DC2yAKiSyO/QUcy7e+RRV2QTWOzhPopBRo=
github.com/olekukonko/tablewriter v0.0.5 h1:P2Ga83D34wi1o9J6Wh1mRuqd4mF/x/lgBS7N7AbDhec=
github.com/olekukonko/tablewriter v0.0.5/go.mod h1:hPp6KlRPjbx+hW8ykQs1w3UBbZlj6HuIJcUGPhkA7kY=
github.com/onsi/ginkgo v1.6.0/go.mod h1:lLunBs/Ym6LB5Z9jYTR76FiuTmxDTDusOGeTQH+WWjE=
github.com/onsi/gomega v1.4.2 h1:3mYCb7aPxS/RU7TI1y4rkEn1oKmPRjNJLNEXgw7MH2I=
github.com/onsi/gomega v1.4.2/go.mod h1:ex+gbHU/CVuBBDIJjb2X0qEXbFg53c61hWP/1CpauHY=
github.com/pjbgf/sha1cd v0.3.0 h1:4D5XXmUUBUl/xQ6IjCkEAbqXskkq/4O7LmGn0AqMDs4=
github.com/pjbgf/sha1cd v0.3.0/go.mod h1:nZ1rrWOcGJ5uZgEEVL1VUM9iRQiZvWdbZjkKyFzPPsI=
github.com/pmezard/go-difflib v1.0.0 h1:4DBwDE0NGyQoBHbLQYPwSUPoCMWR5BEzIk/f1lZbAQM=
github.com/pmezard/go-difflib v1.0.0/go.mod h1:iKH77koFhYxTK1pcRnkKkqfTogsbg7gZNVY4sRDYZ/4=
github.com/rhysd/go-github-selfupdate v1.2.3 h1:iaa+J202f+Nc+A8zi75uccC8Wg3omaM7HDeimXA22Ag=
github.com/rhysd/go-github-selfupdate v1.2.3/go.mod h1:mp/N8zj6jFfBQy/XMYoWsmfzxazpPAODuqarmPDe2Rg=
github.com/rivo/uniseg v0.2.0/go.mod h1:J6wj4VEh+S6ZtnVlnTBMWIodfgj8LQOQFoIToxlJtxc=
github.com/rivo/uniseg v0.4.7 h1:WUdvkW8uEhrYfLC4ZzdpI2ztxP1I582+49Oc5Mq64VQ=
github.com/rivo/uniseg v0.4.7/go.mod h1:FN3SvrM+Zdj16jyLfmOkMNblXMcoc8DfTHruCPUcx88=
github.com/rogpeppe/go-internal v1.8.0 h1:FCbCCtXNOY3UtUuHUYaghJg4y7Fd14rXifAYUAtL9R8=
github.com/rogpeppe/go-internal v1.8.0/go.mod h1:WmiCO8CzOY8rg0OYDC4/i/2WRWAB6poM+XZ2dLUbcbE=
github.com/russross/blackfriday/v2 v2.1.0/go.mod h1:+Rmxgy9KzJVeS9/2gXHxylqXiyQDYRxCVz55jmeOWTM=
github.com/sacloud/api-client-go v0.3.3 h1:ZpSAyGpITA8UFO3Hq4qMHZLGuNI1FgxAxo4sqBnCKDs=
github.com/sacloud/api-client-go v0.3.3/go.mod h1:0p3ukcWYXRCc2AUWTl1aA+3sXLvurvvDqhRaLZRLBwo=
github.com/sacloud/ftps v1.2.0 h1:7UlSWd7cnm1J+sANz7IiBV9ffVcS+4g6ZV5UHVVbvaw=
github.com/sacloud/ftps v1.2.0/go.mod h1:h4awhOi3PEyhKLj1FpXjoVV5yVkmRUU+d5L95EwX2JU=
github.com/sacloud/go-http v0.1.9 h1:Xa5PY8/pb7XWhwG9nAeXSrYXPbtfBWqawgzxD5co3VE=
github.com/sacloud/go-http v0.1.9/go.mod h1:DpDG+MSyxYaBwPJ7l3aKLMzwYdTVtC5Bo63HActcgoE=
github.com/sacloud/iaas-api-go v1.17.3 h1:TJBhcelt6+skrn7NHlwpgz6gtIdQ+FgTVxviPXQZCgY=
github.com/sacloud/iaas-api-go v1.17.3/go.mod h1:AfG1e+nvKYMS8ei4htbGY99zirZTCt5p3QqQBQUk990=
github.com/sacloud/iaas-service-go v1.14.0 h1:zbR1BVukzHKIT/MBRKUgfISJ8SvOr7EVsrtmJzlwe1E=
github.com/sacloud/iaas-service-go v1.14.0/go.mod h1:xXTl1oKJwYv7eT6cf1V0c57RJqpAmLrm4xjMiHFg43k=
github.com/sacloud/packages-go v0.0.11 h1:hrRWLmfPM9w7GBs6xb5/ue6pEMl8t1UuDKyR/KfteHo=
github.com/sacloud/packages-go v0.0.11/go.mod h1:XNF5MCTWcHo9NiqWnYctVbASSSZR3ZOmmQORIzcurJ8=
github.com/sacloud/webaccel-api-go v1.3.0 h1:qu8QycooO64dkHdWPRdUn3eUf9BWpLASoh9uUo7oWZs=
github.com/sacloud/webaccel-api-go v1.3.0/go.mod h1:5R914VqVeXIR320MwZYlSouFXgm/mvtY3YQ3SYSPWcU=
github.com/sergi/go-diff v1.3.2-0.20230802210424-5b0b94c5c0d3 h1:n661drycOFuPLCN3Uc8sB6B/s6Z4t2xvBgU1htSHuq8=
github.com/sergi/go-diff v1.3.2-0.20230802210424-5b0b94c5c0d3/go.mod h1:A0bzQcvG0E7Rwjx0REVgAGH58e96+X0MeOfepqsbeW4=
github.com/skeema/knownhosts v1.2.2 h1:Iug2P4fLmDw9f41PB6thxUkNUkJzB5i+1/exaj40L3A=
github.com/skeema/knownhosts v1.2.2/go.mod h1:xYbVRSPxqBZFrdmDyMmsOs+uX1UZC3nTN3ThzgDxUwo=
github.com/skratchdot/open-golang v0.0.0-20200116055534-eef842397966 h1:JIAuq3EEf9cgbU6AtGPK4CTG3Zf6CKMNqf0MHTggAUA=
github.com/skratchdot/open-golang v0.0.0-20200116055534-eef842397966/go.mod h1:sUM3LWHvSMaG192sy56D9F7CNvL7jUJVXoqM1QKLnog=
github.com/spf13/cobra v1.10.1 h1:lJeBwCfmrnXthfAupyUTzJ/J4Nc1RsHC/mSRU2dll/s=
github.com/spf13/cobra v1.10.1/go.mod h1:7SmJGaTHFVBY0jW4NXGluQoLvhqFQM+6XSKD+P4XaB0=
github.com/spf13/pflag v1.0.9 h1:9exaQaMOCwffKiiiYk6/BndUBv+iRViNW+4lEMi0PvY=
github.com/spf13/pflag v1.0.9/go.mod h1:McXfInJRrz4CZXVZOBLb0bTZqETkiAhM9Iw0y3An2Bg=
github.com/stretchr/objx v0.1.0/go.mod h1:HFkY916IF+rwdDfMAkV7OtwuqBVzrE8GR6GFx+wExME=
github.com/stretchr/testify v1.11.1 h1:7s2iGBzp5EwR7/aIZr8ao5+dra3wiQyKjjFuvgVKu7U=
github.com/stretchr/testify v1.11.1/go.mod h1:wZwfW3scLgRK+23gO65QZefKpKQRnfz6sD981Nm4B6U=
github.com/tcnksm/go-gitconfig v0.1.2 h1:iiDhRitByXAEyjgBqsKi9QU4o2TNtv9kPP3RgPgXBPw=
github.com/tcnksm/go-gitconfig v0.1.2/go.mod h1:/8EhP4H7oJZdIPyT+/UIsG87kTzrzM4UsLGSItWYCpE=
github.com/ulikunitz/xz v0.5.9/go.mod h1:nbz6k7qbPmH4IRqmfOplQw/tblSgqTqBwxkY0oWt/14=
github.com/ulikunitz/xz v0.5.15 h1:9DNdB5s+SgV3bQ2ApL10xRc35ck0DuIX/isZvIk+ubY=
github.com/ulikunitz/xz v0.5.15/go.mod h1:nbz6k7qbPmH4IRqmfOplQw/tblSgqTqBwxkY0oWt/14=
github.com/xanzy/ssh-agent v0.3.3 h1:+/15pJfg/RsTxqYcX6fHqOXZwwMP+2VyYWJeWM2qQFM=
github.com/xanzy/ssh-agent v0.3.3/go.mod h1:6dzNDKs0J9rVPHPhaGCukekBHKqfl+L3KghI1Bc68Uw=
github.com/zclconf/go-cty v1.14.4 h1:uXXczd9QDGsgu0i/QFR/hzI5NYCHLf6NQw/atrbnhq8=
github.com/zclconf/go-cty v1.14.4/go.mod h1:VvMs5i0vgZdhYawQNq5kePSpLAoz8u1xvZgrPIxfnZE=
go.uber.org/atomic v1.7.0 h1:ADUqmZGgLDDfbSL9ZmPxKTybcoEYHgpYfELNoN+7hsw=
go.uber.org/atomic v1.7.0/go.mod h1:fEN4uk6kAWBTFdckzkM89CLk9XfWZrxpCo0nPH17wJc=
go.uber.org/ratelimit v0.3.1 h1:K4qVE+byfv/B3tC+4nYWP7v/6SimcO7HzHekoMNBma0=
go.uber.org/ratelimit v0.3.1/go.mod h1:6euWsTB6U/Nb3X++xEUXA8ciPJvr19Q/0h1+oDcJhRk=
golang.org/x/crypto v0.0.0-20190308221718-c2843e01d9a2/go.mod h1:djNgcEr1/C05ACkg1iLfiJU5Ep61QUkGW8qpdssI0+w=
golang.org/x/crypto v0.0.0-20201221181555-eec23a3978ad/go.mod h1:jdWPYTVW3xRLrWPugEBEK3UY2ZEsg3UU495nc5E+M+I=
golang.org/x/crypto v0.42.0 h1:chiH31gIWm57EkTXpwnqf8qeuMUi0yekh6mT2AvFlqI=
golang.org/x/crypto v0.42.0/go.mod h1:4+rDnOTJhQCx2q7/j6rAN5XDw8kPjeaXEUR2eL94ix8=
golang.org/x/mod v0.27.0 h1:kb+q2PyFnEADO2IEF935ehFUXlWiNjJWtRNgBLSfbxQ=
golang.org/x/mod v0.27.0/go.mod h1:rWI627Fq0DEoudcK+MBkNkCe0EetEaDSwJJkCcjpazc=
golang.org/x/net v0.0.0-20180724234803-3673e40ba225/go.mod h1:mL1N/T3taQHkDXs73rZJwtUhF3w3ftmwwsq0BUmARs4=
golang.org/x/net v0.0.0-20180906233101-161cd47e91fd/go.mod h1:mL1N/T3taQHkDXs73rZJwtUhF3w3ftmwwsq0BUmARs4=
golang.org/x/net v0.0.0-20190311183353-d8887717615a/go.mod h1:t9HGtf8HONx5eT2rtn7q6eTqICYqUVnKs3thJo3Qplg=
golang.org/x/net v0.0.0-20190404232315-eb5bcb51f2a3/go.mod h1:t9HGtf8HONx5eT2rtn7q6eTqICYqUVnKs3thJo3Qplg=
golang.org/x/net v0.43.0 h1:lat02VYK2j4aLzMzecihNvTlJNQUq316m2Mr9rnM6YE=
golang.org/x/net v0.43.0/go.mod h1:vhO1fvI4dGsIjh73sWfUVjj3N7CA9WkKJNQm2svM6Jg=
golang.org/x/oauth2 v0.0.0-20180821212333-d2e6202438be/go.mod h1:N/0e6XlmueqKjAGxoOufVs8QHGRruUQn6yWY3a++T0U=
golang.org/x/oauth2 v0.0.0-20181106182150-f42d05182288/go.mod h1:N/0e6XlmueqKjAGxoOufVs8QHGRruUQn6yWY3a++T0U=
golang.org/x/oauth2 v0.27.0 h1:da9Vo7/tDv5RH/7nZDz1eMGS/q1Vv1N/7FCrBhI9I3M=
golang.org/x/oauth2 v0.27.0/go.mod h1:onh5ek6nERTohokkhCD/y2cV4Do3fxFHFuAejCkRWT8=
golang.org/x/sync v0.0.0-20180314180146-1d60e4601c6f/go.mod h1:RxMgew5VJxzue5/jJTE5uejpjVlOe/izrB70Jof72aM=
golang.org/x/sync v0.17.0 h1:l60nONMj9l5drqw6jlhIELNv9I0A4OFgRsG9k2oT9Ug=
golang.org/x/sync v0.17.0/go.mod h1:9KTHXmSnoGruLpwFjVSX0lNNA75CykiMECbovNTZqGI=
golang.org/x/sys v0.0.0-20180909124046-d0be0721c37e/go.mod h1:STP8DvDyc/dI5b8T5hshtkjS+E42TnysNCUPdjciGhY=
golang.org/x/sys v0.0.0-20190215142949-d0b11bdaac8a/go.mod h1:STP8DvDyc/dI5b8T5hshtkjS+E42TnysNCUPdjciGhY=
golang.org/x/sys v0.0.0-20191026070338-33540a1f6037/go.mod h1:h1NjWce9XRLGQEsW7wpKNCjG9DtNlClVuFLEZdDNbEs=
golang.org/x/sys v0.6.0/go.mod h1:oPkhp1MJrh7nUepCBck5+mAzfO9JrbApNNgaTdGDITg=
golang.org/x/sys v0.36.0 h1:KVRy2GtZBrk1cBYA7MKu5bEZFxQk4NIDV6RLVcC8o0k=
golang.org/x/sys v0.36.0/go.mod h1:OgkHotnGiDImocRcuBABYBEXf8A9a87e/uXjp9XT3ks=
golang.org/x/term v0.0.0-20201117132131-f5c789dd3221/go.mod h1:Nr5EML6q2oocZ2LXRh80K7BxOlk5/8JxuGnuhpl+muw=
golang.org/x/term v0.35.0 h1:bZBVKBudEyhRcajGcNc3jIfWPqV4y/Kt2XcoigOWtDQ=
golang.org/x/term v0.35.0/go.mod h1:TPGtkTLesOwf2DE8CgVYiZinHAOuy5AYUYT1lENIZnA=
golang.org/x/text v0.3.0/go.mod h1:NqM8EUOU14njkJ3fqMW+pc6Ldnwhi/IjpwHt7yyuwOQ=
golang.org/x/text v0.3.5/go.mod h1:5Zoc/QRtKVWzQhOtBMvqHzDpF6irO9z98xDceosuGiQ=
golang.org/x/text v0.29.0 h1:1neNs90w9YzJ9BocxfsQNHKuAT4pkghyXc4nhZ6sJvk=
golang.org/x/text v0.29.0/go.mod h1:7MhJOA9CD2qZyOKYazxdYMF85OwPdEr9jTtBpO7ydH4=
golang.org/x/tools v0.0.0-20180917221912-90fa682c2a6e/go.mod h1:n7NCudcB/nEzxVGmLbDWY5pfWTLqBcC2KZ6jyYvM4mQ=
golang.org/x/tools v0.36.0 h1:kWS0uv/zsvHEle1LbV5LE8QujrxB3wfQyxHfhOk0Qkg=
golang.org/x/tools v0.36.0/go.mod h1:WBDiHKJK8YgLHlcQPYQzNCkUxUypCaa5ZegCVutKm+s=
google.golang.org/appengine v1.1.0/go.mod h1:EbEs0AVv82hx2wNQdGPgUI5lhzA/G0D9YwlJXL52JkM=
google.golang.org/appengine v1.3.0/go.mod h1:xpcJRLb0r/rnEns0DIKYYv+WjYCduHsrkT7/EB5XEv4=
gopkg.in/check.v1 v0.0.0-20161208181325-20d25e280405/go.mod h1:Co6ibVJAznAaIkqp8huTwlJQCZ016jof/cbN4VW5Yz0=
gopkg.in/check.v1 v1.0.0-20180628173108-788fd7840127/go.mod h1:Co6ibVJAznAaIkqp8huTwlJQCZ016jof/cbN4VW5Yz0=
gopkg.in/check.v1 v1.0.0-20201130134442-10cb98267c6c h1:Hei/4ADfdWqJk1ZMxUNpqntNwaWcugrBjAiHlqqRiVk=
gopkg.in/check.v1 v1.0.0-20201130134442-10cb98267c6c/go.mod h1:JHkPIbrfpd72SG/EVd6muEfDQjcINNoR0C8j2r3qZ4Q=
gopkg.in/fsnotify.v1 v1.4.7/go.mod h1:Tz8NjZHkW78fSQdbUxIjBTcgA1z1m8ZHf0WmKUhAMys=
gopkg.in/tomb.v1 v1.0.0-20141024135613-dd632973f1e7/go.mod h1:dt/ZhP58zS4L8KSrWDmTeBkI65Dw0HsyUHuEVlX15mw=
gopkg.in/warnings.v0 v0.1.2 h1:wFXVbFY8DY5/xOe1ECiWdKCzZlxgshcYVNkBHstARME=
gopkg.in/warnings.v0 v0.1.2/go.mod h1:jksf8JmL6Qr/oQM2OXTHunEvvTAsrWBLb6OOjuVWRNI=
gopkg.in/yaml.v2 v2.2.1/go.mod h1:hI93XBmqTisBFMUTm0b8Fm+jr3Dg1NNxqwp+5A1VGuI=
gopkg.in/yaml.v2 v2.2.2/go.mod h1:hI93XBmqTisBFMUTm0b8Fm+jr3Dg1NNxqwp+5A1VGuI=
gopkg.in/yaml.v2 v2.2.8/go.mod h1:hI93XBmqTisBFMUTm0b8Fm+jr3Dg1NNxqwp+5A1VGuI=
gopkg.in/yaml.v2 v2.4.0 h1:D8xgwECY7CYvx+Y2n4sBz93Jn9JRvxdiyyo8CTfuKaY=
gopkg.in/yaml.v2 v2.4.0/go.mod h1:RDklbk79AGWmwhnvt/jBztapEOGDOx6ZbXqjP6csGnQ=
gopkg.in/yaml.v3 v3.0.1 h1:fxVm/GzAzEWqLHuvctI91KS9hhNmmWOoWu0XTYJS7CA=
gopkg.in/yaml.v3 v3.0.1/go.mod h1:K4uyk7z7BCEPqu6E+C64Yfv1cQ7kz7rIZviUmN+EgEM=
