# This file is autogenerated, do not edit; changes may be undone by the next 'dep ensure'.


[[projects]]
  branch = "master"
  name = "github.com/astaxie/flatmap"
  packages = ["."]
  revision = "c0e84c00d8d55d6290cf8a6093a80d6f94240b12"

[[projects]]
  name = "github.com/bitly/go-simplejson"
  packages = ["."]
  revision = "da1a8928f709389522c8023062a3739f3b4af419"

[[projects]]
  name = "github.com/davecgh/go-spew"
  packages = ["spew"]
  revision = "346938d642f2ec3594ed81d874461961cd0faa76"
  version = "v1.1.0"

[[projects]]
  name = "github.com/fatih/color"
  packages = ["."]
  revision = "9131ab34cf20d2f6d83fdc67168a5430d1c7dc23"
  version = "v1.4.1"

[[projects]]
  name = "github.com/hnakamur/go-scp"
  packages = ["."]
  revision = "7e443c37b32d5e6f132d529f778fd327eb79987c"

[[projects]]
  name = "github.com/huandu/xstrings"
  packages = ["."]
  revision = "3959339b333561bf62a38b424fd41517c2c90f40"

[[projects]]
  name = "github.com/imdario/mergo"
  packages = ["."]
  revision = "d806ba8c21777d504a2090a2ca4913c750dd3a33"

[[projects]]
  name = "github.com/mattn/go-colorable"
  packages = ["."]
  revision = "a392f450ea64cee2b268dfaacdc2502b50a22b18"

[[projects]]
  name = "github.com/mattn/go-isatty"
  packages = ["."]
  revision = "dda3de49cbfcec471bd7a70e6cc01fcc3ff90109"

[[projects]]
  name = "github.com/mattn/go-runewidth"
  packages = ["."]
  revision = "14207d285c6c197daabb5c9793d63e7af9ab2d50"

[[projects]]
  name = "github.com/mattn/go-tty"
  packages = ["."]
  revision = "58bac1f462f7fee3c71460e92418b6edfb6ae950"

[[projects]]
  branch = "master"
  name = "github.com/mitchellh/go-homedir"
  packages = ["."]
  revision = "b8bc1bf767474819792c23f32d8286a45736f1c6"

[[projects]]
  branch = "master"
  name = "github.com/mitchellh/go-vnc"
  packages = ["."]
  revision = "723ed9867aed0f3209a81151e52ddc61681f0b01"

[[projects]]
  branch = "master"
  name = "github.com/mitchellh/goamz"
  packages = [
    "aws",
    "s3"
  ]
  revision = "caaaea8b30ee15616494ee68abd5d8ebbbef05cf"

[[projects]]
  name = "github.com/olekukonko/tablewriter"
  packages = ["."]
  revision = "febf2d34b54a69ce7530036c7503b1c9fbfdf0bb"

[[projects]]
  name = "github.com/pmezard/go-difflib"
  packages = ["difflib"]
  revision = "792786c7400a136282c1664665ae0a8db921c6c2"
  version = "v1.0.0"

[[projects]]
  branch = "master"
  name = "github.com/sacloud/ftps"
  packages = ["."]
  revision = "42fc0f9886fe56296da888247831407be3a5e053"

[[projects]]
  branch = "master"
  name = "github.com/sacloud/libsacloud"
  packages = [
    ".",
    "api",
    "builder",
    "sacloud",
    "sacloud/ostype"
  ]
  revision = "70fd9a4892954471efef322e2d9f3c1353690cf9"

[[projects]]
  branch = "master"
  name = "github.com/skratchdot/open-golang"
  packages = ["open"]
  revision = "75fb7ed4208cf72d323d7d02fd1a5964a7a9073c"

[[projects]]
  name = "github.com/stretchr/testify"
  packages = ["assert"]
  revision = "4d4bfba8f1d1027c4fdbe371823030df51419987"

[[projects]]
  branch = "master"
  name = "github.com/vaughan0/go-ini"
  packages = ["."]
  revision = "a98ad7ee00ec53921f08832bc06ecf7fd600e6a1"

[[projects]]
  name = "golang.org/x/crypto"
  packages = [
    "curve25519",
    "ed25519",
    "ed25519/internal/edwards25519",
    "ssh"
  ]
  revision = "453249f01cfeb54c3d549ddb75ff152ca243f9d8"

[[projects]]
  name = "golang.org/x/sys"
  packages = ["unix"]
  revision = "075e574b89e4c2d22f2286a7e2b919519c6f3547"

[[projects]]
  name = "gopkg.in/urfave/cli.v2"
  packages = ["."]
  revision = "04b2f4ff79cf1fd71e138bafc67df8bbdb5b81c2"

[solve-meta]
  analyzer-name = "dep"
  analyzer-version = 1
  inputs-digest = "f277feef2a204e633b23a6ad9343ae77950d5b5425a552577314ef9da95c50c1"
  solver-name = "gps-cdcl"
  solver-version = 1
