# This file is autogenerated, do not edit; changes may be undone by the next 'dep ensure'.


[[projects]]
  branch = "master"
  name = "github.com/astaxie/flatmap"
  packages = ["."]
  revision = "c0e84c00d8d55d6290cf8a6093a80d6f94240b12"

[[projects]]
  name = "github.com/bitly/go-simplejson"
  packages = ["."]
  revision = "aabad6e819789e569bd6aabf444c935aa9ba1e44"
  version = "v0.5.0"

[[projects]]
  name = "github.com/davecgh/go-spew"
  packages = ["spew"]
  revision = "346938d642f2ec3594ed81d874461961cd0faa76"
  version = "v1.1.0"

[[projects]]
  name = "github.com/fatih/color"
  packages = ["."]
  revision = "5b77d2a35fb0ede96d138fc9a99f5c9b6aef11b4"
  version = "v1.7.0"

[[projects]]
  branch = "master"
  name = "github.com/hnakamur/go-scp"
  packages = ["."]
  revision = "05a5990ec14530193d9bd33e31cd7fecec76caab"

[[projects]]
  name = "github.com/huandu/xstrings"
  packages = ["."]
  revision = "3959339b333561bf62a38b424fd41517c2c90f40"

[[projects]]
  name = "github.com/imdario/mergo"
  packages = ["."]
  revision = "9f23e2d6bd2a77f959b2bf6acdbefd708a83a4a4"
  version = "v0.3.6"

[[projects]]
  branch = "master"
  name = "github.com/jmespath/go-jmespath"
  packages = ["."]
  revision = "c2b33e8439af944379acbdd9c3a5fe0bc44bd8a5"

[[projects]]
  name = "github.com/mattn/go-colorable"
  packages = ["."]
  revision = "167de6bfdfba052fa6b2d3664c8f5272e23c9072"
  version = "v0.0.9"

[[projects]]
  name = "github.com/mattn/go-isatty"
  packages = ["."]
  revision = "0360b2af4f38e8d38c7fce2a9f4e702702d73a39"
  version = "v0.0.3"

[[projects]]
  name = "github.com/mattn/go-runewidth"
  packages = ["."]
  revision = "9e777a8366cce605130a531d2cd6363d07ad7317"
  version = "v0.0.2"

[[projects]]
  branch = "master"
  name = "github.com/mattn/go-tty"
  packages = ["."]
  revision = "931426f7535ac39720c8909d70ece5a41a2502a6"

[[projects]]
  branch = "master"
  name = "github.com/mitchellh/go-homedir"
  packages = ["."]
  revision = "58046073cbffe2f25d425fe1331102f55cf719de"

[[projects]]
  branch = "master"
  name = "github.com/mitchellh/go-vnc"
  packages = ["."]
  revision = "723ed9867aed0f3209a81151e52ddc61681f0b01"

[[projects]]
  branch = "master"
  name = "github.com/mitchellh/goamz"
  packages = [
    "aws",
    "s3"
  ]
  revision = "caaaea8b30ee15616494ee68abd5d8ebbbef05cf"

[[projects]]
  branch = "master"
  name = "github.com/olekukonko/tablewriter"
  packages = ["."]
  revision = "d4647c9c7a84d847478d890b816b7d8b62b0b279"

[[projects]]
  name = "github.com/pmezard/go-difflib"
  packages = ["difflib"]
  revision = "792786c7400a136282c1664665ae0a8db921c6c2"
  version = "v1.0.0"

[[projects]]
  branch = "master"
  name = "github.com/sacloud/ftps"
  packages = ["."]
  revision = "42fc0f9886fe56296da888247831407be3a5e053"

[[projects]]
  branch = "master"
  name = "github.com/sacloud/libsacloud"
  packages = [
    ".",
    "api",
    "builder",
    "sacloud",
    "sacloud/ostype",
    "utils/server"
  ]
  revision = "033890e2ec1c75da20685c9bd265def43c46cfdc"

[[projects]]
  branch = "master"
  name = "github.com/skratchdot/open-golang"
  packages = ["open"]
  revision = "75fb7ed4208cf72d323d7d02fd1a5964a7a9073c"

[[projects]]
  name = "github.com/stretchr/testify"
  packages = ["assert"]
  revision = "f35b8ab0b5a2cef36673838d662e249dd9c94686"
  version = "v1.2.2"

[[projects]]
  branch = "master"
  name = "github.com/vaughan0/go-ini"
  packages = ["."]
  revision = "a98ad7ee00ec53921f08832bc06ecf7fd600e6a1"

[[projects]]
  branch = "master"
  name = "golang.org/x/crypto"
  packages = [
    "curve25519",
    "ed25519",
    "ed25519/internal/edwards25519",
    "internal/chacha20",
    "internal/subtle",
    "poly1305",
    "ssh"
  ]
  revision = "de0752318171da717af4ce24d0a2e8626afaeb11"

[[projects]]
  branch = "master"
  name = "golang.org/x/sys"
  packages = ["unix"]
  revision = "904bdc257025c7b3f43c19360ad3ab85783fad78"

[[projects]]
  name = "gopkg.in/urfave/cli.v2"
  packages = ["."]
  revision = "04b2f4ff79cf1fd71e138bafc67df8bbdb5b81c2"

[solve-meta]
  analyzer-name = "dep"
  analyzer-version = 1
  inputs-digest = "d4650561caaa846223c2a820d7aadcb7a887a70597f2fc09af0273d02796232c"
  solver-name = "gps-cdcl"
  solver-version = 1
